
Microsoft Visual Studio Solution File, Format Version 12.00
# Visual Studio Version 17
VisualStudioVersion = 17.13.35806.99
MinimumVisualStudioVersion = 10.0.40219.1
Project("{FAE04EC0-301F-11D3-BF4B-00C04F79EFBC}") = "JWTwithSwagger", "JWT\JWTwithSwagger.csproj", "{A5A8AD94-A611-4177-A7D8-79F90DED83BA}"
EndProject
Global
	GlobalSection(SolutionConfigurationPlatforms) = preSolution
		Debug|Any CPU = Debug|Any CPU
		Release|Any CPU = Release|Any CPU
	EndGlobalSection
	GlobalSection(ProjectConfigurationPlatforms) = postSolution
		{A5A8AD94-A611-4177-A7D8-79F90DED83BA}.Debug|Any CPU.ActiveCfg = Debug|Any CPU
		{A5A8AD94-A611-4177-A7D8-79F90DED83BA}.Debug|Any CPU.Build.0 = Debug|Any CPU
		{A5A8AD94-A611-4177-A7D8-79F90DED83BA}.Release|Any CPU.ActiveCfg = Release|Any CPU
		{A5A8AD94-A611-4177-A7D8-79F90DED83BA}.Release|Any CPU.Build.0 = Release|Any CPU
	EndGlobalSection
	GlobalSection(SolutionProperties) = preSolution
		HideSolutionNode = FALSE
	EndGlobalSection
	GlobalSection(ExtensibilityGlobals) = postSolution
		SolutionGuid = {2947CA86-C960-41AF-B3F7-1CA72465C15D}
	EndGlobalSection
EndGlobal
